
Microsoft Visual Studio Solution File, Format Version 12.00
# Visual Studio Version 17
VisualStudioVersion = 17.14.36301.6 d17.14
MinimumVisualStudioVersion = 10.0.40219.1
Project("{FAE04EC0-301F-11D3-BF4B-00C04F79EFBC}") = "API", "API\API.csproj", "{0B21BB90-1D41-45DA-9E8F-624A269AF028}"
EndProject
Project("{FAE04EC0-301F-11D3-BF4B-00C04F79EFBC}") = "Domains", "Domains\Domains.csproj", "{278ECFB1-B479-4C3F-A7DC-0BE054F95CD4}"
EndProject
Project("{FAE04EC0-301F-11D3-BF4B-00C04F79EFBC}") = "DAL", "DAL\DAL.csproj", "{288F95B8-0FA9-4769-845A-97E1B9692B8D}"
EndProject
Project("{FAE04EC0-301F-11D3-BF4B-00C04F79EFBC}") = "BL", "BL\BL.csproj", "{8E9BD07C-F00D-40A2-BA84-B50551D8015A}"
EndProject
Project("{FAE04EC0-301F-11D3-BF4B-00C04F79EFBC}") = "Resources", "Resources\Resources.csproj", "{564C1D04-E567-4789-8486-01D723BE6CD4}"
EndProject
Global
	GlobalSection(SolutionConfigurationPlatforms) = preSolution
		Debug|Any CPU = Debug|Any CPU
		Release|Any CPU = Release|Any CPU
	EndGlobalSection
	GlobalSection(ProjectConfigurationPlatforms) = postSolution
		{0B21BB90-1D41-45DA-9E8F-624A269AF028}.Debug|Any CPU.ActiveCfg = Debug|Any CPU
		{0B21BB90-1D41-45DA-9E8F-624A269AF028}.Debug|Any CPU.Build.0 = Debug|Any CPU
		{0B21BB90-1D41-45DA-9E8F-624A269AF028}.Release|Any CPU.ActiveCfg = Release|Any CPU
		{0B21BB90-1D41-45DA-9E8F-624A269AF028}.Release|Any CPU.Build.0 = Release|Any CPU
		{278ECFB1-B479-4C3F-A7DC-0BE054F95CD4}.Debug|Any CPU.ActiveCfg = Debug|Any CPU
		{278ECFB1-B479-4C3F-A7DC-0BE054F95CD4}.Debug|Any CPU.Build.0 = Debug|Any CPU
		{278ECFB1-B479-4C3F-A7DC-0BE054F95CD4}.Release|Any CPU.ActiveCfg = Release|Any CPU
		{278ECFB1-B479-4C3F-A7DC-0BE054F95CD4}.Release|Any CPU.Build.0 = Release|Any CPU
		{288F95B8-0FA9-4769-845A-97E1B9692B8D}.Debug|Any CPU.ActiveCfg = Debug|Any CPU
		{288F95B8-0FA9-4769-845A-97E1B9692B8D}.Debug|Any CPU.Build.0 = Debug|Any CPU
		{288F95B8-0FA9-4769-845A-97E1B9692B8D}.Release|Any CPU.ActiveCfg = Release|Any CPU
		{288F95B8-0FA9-4769-845A-97E1B9692B8D}.Release|Any CPU.Build.0 = Release|Any CPU
		{8E9BD07C-F00D-40A2-BA84-B50551D8015A}.Debug|Any CPU.ActiveCfg = Debug|Any CPU
		{8E9BD07C-F00D-40A2-BA84-B50551D8015A}.Debug|Any CPU.Build.0 = Debug|Any CPU
		{8E9BD07C-F00D-40A2-BA84-B50551D8015A}.Release|Any CPU.ActiveCfg = Release|Any CPU
		{8E9BD07C-F00D-40A2-BA84-B50551D8015A}.Release|Any CPU.Build.0 = Release|Any CPU
		{564C1D04-E567-4789-8486-01D723BE6CD4}.Debug|Any CPU.ActiveCfg = Debug|Any CPU
		{564C1D04-E567-4789-8486-01D723BE6CD4}.Debug|Any CPU.Build.0 = Debug|Any CPU
		{564C1D04-E567-4789-8486-01D723BE6CD4}.Release|Any CPU.ActiveCfg = Release|Any CPU
		{564C1D04-E567-4789-8486-01D723BE6CD4}.Release|Any CPU.Build.0 = Release|Any CPU
	EndGlobalSection
	GlobalSection(SolutionProperties) = preSolution
		HideSolutionNode = FALSE
	EndGlobalSection
	GlobalSection(ExtensibilityGlobals) = postSolution
		SolutionGuid = {D50199A3-3B7F-4ED3-99E1-0A52B7649BFE}
	EndGlobalSection
EndGlobal
